// !$*UTF8*$!
{
	archiveVersion = 1;
	classes = {
	};
	objectVersion = 46;
	objects = {

/* Begin PBXBuildFile section */
		1548008F1CA2E1D800FB7E37 /* AppDelegate.swift in Sources */ = {isa = PBXBuildFile; fileRef = 1548008E1CA2E1D800FB7E37 /* AppDelegate.swift */; };
		154800911CA2E1D800FB7E37 /* ViewController.swift in Sources */ = {isa = PBXBuildFile; fileRef = 154800901CA2E1D800FB7E37 /* ViewController.swift */; };
		154800941CA2E1D800FB7E37 /* Main.storyboard in Resources */ = {isa = PBXBuildFile; fileRef = 154800921CA2E1D800FB7E37 /* Main.storyboard */; };
		154800961CA2E1D800FB7E37 /* Assets.xcassets in Resources */ = {isa = PBXBuildFile; fileRef = 154800951CA2E1D800FB7E37 /* Assets.xcassets */; };
		154800991CA2E1D800FB7E37 /* LaunchScreen.storyboard in Resources */ = {isa = PBXBuildFile; fileRef = 154800971CA2E1D800FB7E37 /* LaunchScreen.storyboard */; };
		154800A31CA2E80E00FB7E37 /* Fabric.framework in Frameworks */ = {isa = PBXBuildFile; fileRef = 154800A11CA2E80E00FB7E37 /* Fabric.framework */; };
		154800A41CA2E80E00FB7E37 /* Crashlytics.framework in Frameworks */ = {isa = PBXBuildFile; fileRef = 154800A21CA2E80E00FB7E37 /* Crashlytics.framework */; };
		158D3C5E1CA32C22008AB0C6 /* GISplashViewController.m in Sources */ = {isa = PBXBuildFile; fileRef = 158D3C5D1CA32C22008AB0C6 /* GISplashViewController.m */; };
		158D3C611CA32C99008AB0C6 /* GISignUpViewController.m in Sources */ = {isa = PBXBuildFile; fileRef = 158D3C601CA32C99008AB0C6 /* GISignUpViewController.m */; };
		158D3C641CA32D10008AB0C6 /* GILoginViewController.m in Sources */ = {isa = PBXBuildFile; fileRef = 158D3C631CA32D10008AB0C6 /* GILoginViewController.m */; };
		158D3C671CA32D6F008AB0C6 /* GIForgotPasswordViewController.m in Sources */ = {isa = PBXBuildFile; fileRef = 158D3C661CA32D6F008AB0C6 /* GIForgotPasswordViewController.m */; };
/* End PBXBuildFile section */

/* Begin PBXFileReference section */
		1548008B1CA2E1D800FB7E37 /* GiustoPush.app */ = {isa = PBXFileReference; explicitFileType = wrapper.application; includeInIndex = 0; path = GiustoPush.app; sourceTree = BUILT_PRODUCTS_DIR; };
		1548008E1CA2E1D800FB7E37 /* AppDelegate.swift */ = {isa = PBXFileReference; lastKnownFileType = sourcecode.swift; path = AppDelegate.swift; sourceTree = "<group>"; };
		154800901CA2E1D800FB7E37 /* ViewController.swift */ = {isa = PBXFileReference; lastKnownFileType = sourcecode.swift; path = ViewController.swift; sourceTree = "<group>"; };
		154800931CA2E1D800FB7E37 /* Base */ = {isa = PBXFileReference; lastKnownFileType = file.storyboard; name = Base; path = Base.lproj/Main.storyboard; sourceTree = "<group>"; };
		154800951CA2E1D800FB7E37 /* Assets.xcassets */ = {isa = PBXFileReference; lastKnownFileType = folder.assetcatalog; path = Assets.xcassets; sourceTree = "<group>"; };
		154800981CA2E1D800FB7E37 /* Base */ = {isa = PBXFileReference; lastKnownFileType = file.storyboard; name = Base; path = Base.lproj/LaunchScreen.storyboard; sourceTree = "<group>"; };
		1548009A1CA2E1D800FB7E37 /* Info.plist */ = {isa = PBXFileReference; lastKnownFileType = text.plist.xml; path = Info.plist; sourceTree = "<group>"; };
		154800A11CA2E80E00FB7E37 /* Fabric.framework */ = {isa = PBXFileReference; lastKnownFileType = wrapper.framework; path = Fabric.framework; sourceTree = "<group>"; };
		154800A21CA2E80E00FB7E37 /* Crashlytics.framework */ = {isa = PBXFileReference; lastKnownFileType = wrapper.framework; path = Crashlytics.framework; sourceTree = "<group>"; };
		158D3C5B1CA32BA2008AB0C6 /* GISplashViewController.h */ = {isa = PBXFileReference; fileEncoding = 4; lastKnownFileType = sourcecode.c.h; path = GISplashViewController.h; sourceTree = "<group>"; };
		158D3C5C1CA32C21008AB0C6 /* GiustoPush-Bridging-Header.h */ = {isa = PBXFileReference; lastKnownFileType = sourcecode.c.h; path = "GiustoPush-Bridging-Header.h"; sourceTree = "<group>"; };
		158D3C5D1CA32C22008AB0C6 /* GISplashViewController.m */ = {isa = PBXFileReference; fileEncoding = 4; lastKnownFileType = sourcecode.c.objc; path = GISplashViewController.m; sourceTree = "<group>"; };
		158D3C5F1CA32C68008AB0C6 /* GISignUpViewController.h */ = {isa = PBXFileReference; fileEncoding = 4; lastKnownFileType = sourcecode.c.h; path = GISignUpViewController.h; sourceTree = "<group>"; };
		158D3C601CA32C99008AB0C6 /* GISignUpViewController.m */ = {isa = PBXFileReference; fileEncoding = 4; lastKnownFileType = sourcecode.c.objc; path = GISignUpViewController.m; sourceTree = "<group>"; };
		158D3C621CA32CD5008AB0C6 /* GILoginViewController.h */ = {isa = PBXFileReference; fileEncoding = 4; lastKnownFileType = sourcecode.c.h; path = GILoginViewController.h; sourceTree = "<group>"; };
		158D3C631CA32D10008AB0C6 /* GILoginViewController.m */ = {isa = PBXFileReference; fileEncoding = 4; lastKnownFileType = sourcecode.c.objc; path = GILoginViewController.m; sourceTree = "<group>"; };
		158D3C651CA32D48008AB0C6 /* GIForgotPasswordViewController.h */ = {isa = PBXFileReference; fileEncoding = 4; lastKnownFileType = sourcecode.c.h; path = GIForgotPasswordViewController.h; sourceTree = "<group>"; };
		158D3C661CA32D6F008AB0C6 /* GIForgotPasswordViewController.m */ = {isa = PBXFileReference; fileEncoding = 4; lastKnownFileType = sourcecode.c.objc; path = GIForgotPasswordViewController.m; sourceTree = "<group>"; };
/* End PBXFileReference section */

/* Begin PBXFrameworksBuildPhase section */
		154800881CA2E1D800FB7E37 /* Frameworks */ = {
			isa = PBXFrameworksBuildPhase;
			buildActionMask = 2147483647;
			files = (
				154800A41CA2E80E00FB7E37 /* Crashlytics.framework in Frameworks */,
				154800A31CA2E80E00FB7E37 /* Fabric.framework in Frameworks */,
			);
			runOnlyForDeploymentPostprocessing = 0;
		};
/* End PBXFrameworksBuildPhase section */

/* Begin PBXGroup section */
		154800821CA2E1D800FB7E37 = {
			isa = PBXGroup;
			children = (
				1548008D1CA2E1D800FB7E37 /* GiustoPush */,
				1548008C1CA2E1D800FB7E37 /* Products */,
				154800A11CA2E80E00FB7E37 /* Fabric.framework */,
				154800A21CA2E80E00FB7E37 /* Crashlytics.framework */,
			);
			sourceTree = "<group>";
		};
		1548008C1CA2E1D800FB7E37 /* Products */ = {
			isa = PBXGroup;
			children = (
				1548008B1CA2E1D800FB7E37 /* GiustoPush.app */,
			);
			name = Products;
			sourceTree = "<group>";
		};
		1548008D1CA2E1D800FB7E37 /* GiustoPush */ = {
			isa = PBXGroup;
			children = (
				158D3C581CA32918008AB0C6 /* Screens */,
				158D3C571CA328FA008AB0C6 /* Delegates */,
				154800901CA2E1D800FB7E37 /* ViewController.swift */,
				154800921CA2E1D800FB7E37 /* Main.storyboard */,
				154800951CA2E1D800FB7E37 /* Assets.xcassets */,
				154800971CA2E1D800FB7E37 /* LaunchScreen.storyboard */,
				1548009A1CA2E1D800FB7E37 /* Info.plist */,
			);
			path = GiustoPush;
			sourceTree = "<group>";
		};
		158D3C571CA328FA008AB0C6 /* Delegates */ = {
			isa = PBXGroup;
			children = (
				1548008E1CA2E1D800FB7E37 /* AppDelegate.swift */,
			);
			name = Delegates;
			sourceTree = "<group>";
		};
		158D3C581CA32918008AB0C6 /* Screens */ = {
			isa = PBXGroup;
			children = (
				158D3C5A1CA3298C008AB0C6 /* Login */,
			);
			name = Screens;
			sourceTree = "<group>";
		};
		158D3C5A1CA3298C008AB0C6 /* Login */ = {
			isa = PBXGroup;
			children = (
				158D3C5B1CA32BA2008AB0C6 /* GISplashViewController.h */,
				158D3C5D1CA32C22008AB0C6 /* GISplashViewController.m */,
				158D3C5F1CA32C68008AB0C6 /* GISignUpViewController.h */,
				158D3C601CA32C99008AB0C6 /* GISignUpViewController.m */,
				158D3C621CA32CD5008AB0C6 /* GILoginViewController.h */,
				158D3C631CA32D10008AB0C6 /* GILoginViewController.m */,
				158D3C651CA32D48008AB0C6 /* GIForgotPasswordViewController.h */,
				158D3C661CA32D6F008AB0C6 /* GIForgotPasswordViewController.m */,
				158D3C5C1CA32C21008AB0C6 /* GiustoPush-Bridging-Header.h */,
			);
			name = Login;
			sourceTree = "<group>";
		};
/* End PBXGroup section */

/* Begin PBXNativeTarget section */
		1548008A1CA2E1D800FB7E37 /* GiustoPush */ = {
			isa = PBXNativeTarget;
			buildConfigurationList = 1548009D1CA2E1D800FB7E37 /* Build configuration list for PBXNativeTarget "GiustoPush" */;
			buildPhases = (
				154800871CA2E1D800FB7E37 /* Sources */,
				154800881CA2E1D800FB7E37 /* Frameworks */,
				154800891CA2E1D800FB7E37 /* Resources */,
				154800A01CA2E77400FB7E37 /* ShellScript */,
			);
			buildRules = (
			);
			dependencies = (
			);
			name = GiustoPush;
			productName = GiustoPush;
			productReference = 1548008B1CA2E1D800FB7E37 /* GiustoPush.app */;
			productType = "com.apple.product-type.application";
		};
/* End PBXNativeTarget section */

/* Begin PBXProject section */
		154800831CA2E1D800FB7E37 /* Project object */ = {
			isa = PBXProject;
			attributes = {
				LastSwiftUpdateCheck = 0720;
				LastUpgradeCheck = 0720;
				ORGANIZATIONNAME = "Randall Mardus";
				TargetAttributes = {
					1548008A1CA2E1D800FB7E37 = {
						CreatedOnToolsVersion = 7.2.1;
					};
				};
			};
			buildConfigurationList = 154800861CA2E1D800FB7E37 /* Build configuration list for PBXProject "GiustoPush" */;
			compatibilityVersion = "Xcode 3.2";
			developmentRegion = English;
			hasScannedForEncodings = 0;
			knownRegions = (
				en,
				Base,
			);
			mainGroup = 154800821CA2E1D800FB7E37;
			productRefGroup = 1548008C1CA2E1D800FB7E37 /* Products */;
			projectDirPath = "";
			projectRoot = "";
			targets = (
				1548008A1CA2E1D800FB7E37 /* GiustoPush */,
			);
		};
/* End PBXProject section */

/* Begin PBXResourcesBuildPhase section */
		154800891CA2E1D800FB7E37 /* Resources */ = {
			isa = PBXResourcesBuildPhase;
			buildActionMask = 2147483647;
			files = (
				154800991CA2E1D800FB7E37 /* LaunchScreen.storyboard in Resources */,
				154800961CA2E1D800FB7E37 /* Assets.xcassets in Resources */,
				154800941CA2E1D800FB7E37 /* Main.storyboard in Resources */,
			);
			runOnlyForDeploymentPostprocessing = 0;
		};
/* End PBXResourcesBuildPhase section */

/* Begin PBXShellScriptBuildPhase section */
		154800A01CA2E77400FB7E37 /* ShellScript */ = {
			isa = PBXShellScriptBuildPhase;
			buildActionMask = 2147483647;
			files = (
			);
			inputPaths = (
			);
			outputPaths = (
			);
			runOnlyForDeploymentPostprocessing = 0;
			shellPath = /bin/sh;
			shellScript = "./Fabric.framework/run 8bacd790ce176d4ac7d2db39e2c6128f1a6216f9 a906c1c6130435c89ea6f9fc516c02a1ee87dc44bb03b2be0217a5f3ae9efc8b";
		};
/* End PBXShellScriptBuildPhase section */

/* Begin PBXSourcesBuildPhase section */
		154800871CA2E1D800FB7E37 /* Sources */ = {
			isa = PBXSourcesBuildPhase;
			buildActionMask = 2147483647;
			files = (
				158D3C611CA32C99008AB0C6 /* GISignUpViewController.m in Sources */,
				154800911CA2E1D800FB7E37 /* ViewController.swift in Sources */,
				158D3C671CA32D6F008AB0C6 /* GIForgotPasswordViewController.m in Sources */,
				158D3C5E1CA32C22008AB0C6 /* GISplashViewController.m in Sources */,
				1548008F1CA2E1D800FB7E37 /* AppDelegate.swift in Sources */,
				158D3C641CA32D10008AB0C6 /* GILoginViewController.m in Sources */,
			);
			runOnlyForDeploymentPostprocessing = 0;
		};
/* End PBXSourcesBuildPhase section */

/* Begin PBXVariantGroup section */
		154800921CA2E1D800FB7E37 /* Main.storyboard */ = {
			isa = PBXVariantGroup;
			children = (
				154800931CA2E1D800FB7E37 /* Base */,
			);
			name = Main.storyboard;
			sourceTree = "<group>";
		};
		154800971CA2E1D800FB7E37 /* LaunchScreen.storyboard */ = {
			isa = PBXVariantGroup;
			children = (
				154800981CA2E1D800FB7E37 /* Base */,
			);
			name = LaunchScreen.storyboard;
			sourceTree = "<group>";
		};
/* End PBXVariantGroup section */

/* Begin XCBuildConfiguration section */
		1548009B1CA2E1D800FB7E37 /* Debug */ = {
			isa = XCBuildConfiguration;
			buildSettings = {
				ALWAYS_SEARCH_USER_PATHS = NO;
				CLANG_CXX_LANGUAGE_STANDARD = "gnu++0x";
				CLANG_CXX_LIBRARY = "libc++";
				CLANG_ENABLE_MODULES = YES;
				CLANG_ENABLE_OBJC_ARC = YES;
				CLANG_WARN_BOOL_CONVERSION = YES;
				CLANG_WARN_CONSTANT_CONVERSION = YES;
				CLANG_WARN_DIRECT_OBJC_ISA_USAGE = YES_ERROR;
				CLANG_WARN_EMPTY_BODY = YES;
				CLANG_WARN_ENUM_CONVERSION = YES;
				CLANG_WARN_INT_CONVERSION = YES;
				CLANG_WARN_OBJC_ROOT_CLASS = YES_ERROR;
				CLANG_WARN_UNREACHABLE_CODE = YES;
				CLANG_WARN__DUPLICATE_METHOD_MATCH = YES;
				"CODE_SIGN_IDENTITY[sdk=iphoneos*]" = "iPhone Developer";
				COPY_PHASE_STRIP = NO;
				DEBUG_INFORMATION_FORMAT = dwarf;
				ENABLE_STRICT_OBJC_MSGSEND = YES;
				ENABLE_TESTABILITY = YES;
				GCC_C_LANGUAGE_STANDARD = gnu99;
				GCC_DYNAMIC_NO_PIC = NO;
				GCC_NO_COMMON_BLOCKS = YES;
				GCC_OPTIMIZATION_LEVEL = 0;
				GCC_PREPROCESSOR_DEFINITIONS = (
					"DEBUG=1",
					"$(inherited)",
				);
				GCC_WARN_64_TO_32_BIT_CONVERSION = YES;
				GCC_WARN_ABOUT_RETURN_TYPE = YES_ERROR;
				GCC_WARN_UNDECLARED_SELECTOR = YES;
				GCC_WARN_UNINITIALIZED_AUTOS = YES_AGGRESSIVE;
				GCC_WARN_UNUSED_FUNCTION = YES;
				GCC_WARN_UNUSED_VARIABLE = YES;
				IPHONEOS_DEPLOYMENT_TARGET = 9.2;
				MTL_ENABLE_DEBUG_INFO = YES;
				ONLY_ACTIVE_ARCH = YES;
				SDKROOT = iphoneos;
				SWIFT_OPTIMIZATION_LEVEL = "-Onone";
				TARGETED_DEVICE_FAMILY = "1,2";
			};
			name = Debug;
		};
		1548009C1CA2E1D800FB7E37 /* Release */ = {
			isa = XCBuildConfiguration;
			buildSettings = {
				ALWAYS_SEARCH_USER_PATHS = NO;
				CLANG_CXX_LANGUAGE_STANDARD = "gnu++0x";
				CLANG_CXX_LIBRARY = "libc++";
				CLANG_ENABLE_MODULES = YES;
				CLANG_ENABLE_OBJC_ARC = YES;
				CLANG_WARN_BOOL_CONVERSION = YES;
				CLANG_WARN_CONSTANT_CONVERSION = YES;
				CLANG_WARN_DIRECT_OBJC_ISA_USAGE = YES_ERROR;
				CLANG_WARN_EMPTY_BODY = YES;
				CLANG_WARN_ENUM_CONVERSION = YES;
				CLANG_WARN_INT_CONVERSION = YES;
				CLANG_WARN_OBJC_ROOT_CLASS = YES_ERROR;
				CLANG_WARN_UNREACHABLE_CODE = YES;
				CLANG_WARN__DUPLICATE_METHOD_MATCH = YES;
				"CODE_SIGN_IDENTITY[sdk=iphoneos*]" = "iPhone Developer";
				COPY_PHASE_STRIP = NO;
				DEBUG_INFORMATION_FORMAT = "dwarf-with-dsym";
				ENABLE_NS_ASSERTIONS = NO;
				ENABLE_STRICT_OBJC_MSGSEND = YES;
				GCC_C_LANGUAGE_STANDARD = gnu99;
				GCC_NO_COMMON_BLOCKS = YES;
				GCC_WARN_64_TO_32_BIT_CONVERSION = YES;
				GCC_WARN_ABOUT_RETURN_TYPE = YES_ERROR;
				GCC_WARN_UNDECLARED_SELECTOR = YES;
				GCC_WARN_UNINITIALIZED_AUTOS = YES_AGGRESSIVE;
				GCC_WARN_UNUSED_FUNCTION = YES;
				GCC_WARN_UNUSED_VARIABLE = YES;
				IPHONEOS_DEPLOYMENT_TARGET = 9.2;
				MTL_ENABLE_DEBUG_INFO = NO;
				SDKROOT = iphoneos;
				TARGETED_DEVICE_FAMILY = "1,2";
				VALIDATE_PRODUCT = YES;
			};
			name = Release;
		};
		1548009E1CA2E1D800FB7E37 /* Debug */ = {
			isa = XCBuildConfiguration;
			buildSettings = {
				ASSETCATALOG_COMPILER_APPICON_NAME = AppIcon;
				CLANG_ENABLE_MODULES = YES;
				FRAMEWORK_SEARCH_PATHS = (
					"$(inherited)",
					"$(PROJECT_DIR)",
				);
				INFOPLIST_FILE = GiustoPush/Info.plist;
				LD_RUNPATH_SEARCH_PATHS = "$(inherited) @executable_path/Frameworks";
				PRODUCT_BUNDLE_IDENTIFIER = self.edu.GiustoPush;
				PRODUCT_NAME = "$(TARGET_NAME)";
				SWIFT_OBJC_BRIDGING_HEADER = "GiustoPush/GiustoPush-Bridging-Header.h";
				SWIFT_OPTIMIZATION_LEVEL = "-Onone";
			};
			name = Debug;
		};
		1548009F1CA2E1D800FB7E37 /* Release */ = {
			isa = XCBuildConfiguration;
			buildSettings = {
				ASSETCATALOG_COMPILER_APPICON_NAME = AppIcon;
				CLANG_ENABLE_MODULES = YES;
				FRAMEWORK_SEARCH_PATHS = (
					"$(inherited)",
					"$(PROJECT_DIR)",
				);
				INFOPLIST_FILE = GiustoPush/Info.plist;
				LD_RUNPATH_SEARCH_PATHS = "$(inherited) @executable_path/Frameworks";
				PRODUCT_BUNDLE_IDENTIFIER = self.edu.GiustoPush;
				PRODUCT_NAME = "$(TARGET_NAME)";
				SWIFT_OBJC_BRIDGING_HEADER = "GiustoPush/GiustoPush-Bridging-Header.h";
			};
			name = Release;
		};
/* End XCBuildConfiguration section */

/* Begin XCConfigurationList section */
		154800861CA2E1D800FB7E37 /* Build configuration list for PBXProject "GiustoPush" */ = {
			isa = XCConfigurationList;
			buildConfigurations = (
				1548009B1CA2E1D800FB7E37 /* Debug */,
				1548009C1CA2E1D800FB7E37 /* Release */,
			);
			defaultConfigurationIsVisible = 0;
			defaultConfigurationName = Release;
		};
		1548009D1CA2E1D800FB7E37 /* Build configuration list for PBXNativeTarget "GiustoPush" */ = {
			isa = XCConfigurationList;
			buildConfigurations = (
				1548009E1CA2E1D800FB7E37 /* Debug */,
				1548009F1CA2E1D800FB7E37 /* Release */,
			);
			defaultConfigurationIsVisible = 0;
			defaultConfigurationName = Release;
		};
/* End XCConfigurationList section */
	};
	rootObject = 154800831CA2E1D800FB7E37 /* Project object */;
}
